
Microsoft Visual Studio Solution File, Format Version 12.00
# Visual Studio Version 17
VisualStudioVersion = 17.2.32519.379
MinimumVisualStudioVersion = 10.0.40219.1
Project("{FAE04EC0-301F-11D3-BF4B-00C04F79EFBC}") = "WebTietokanta", "WebTietokanta\WebTietokanta.csproj", "{6416ED3E-FFB8-443A-BBA7-0CA7DFFCC80A}"
EndProject
Global
	GlobalSection(SolutionConfigurationPlatforms) = preSolution
		Debug|Any CPU = Debug|Any CPU
		Release|Any CPU = Release|Any CPU
	EndGlobalSection
	GlobalSection(ProjectConfigurationPlatforms) = postSolution
		{6416ED3E-FFB8-443A-BBA7-0CA7DFFCC80A}.Debug|Any CPU.ActiveCfg = Debug|Any CPU
		{6416ED3E-FFB8-443A-BBA7-0CA7DFFCC80A}.Debug|Any CPU.Build.0 = Debug|Any CPU
		{6416ED3E-FFB8-443A-BBA7-0CA7DFFCC80A}.Release|Any CPU.ActiveCfg = Release|Any CPU
		{6416ED3E-FFB8-443A-BBA7-0CA7DFFCC80A}.Release|Any CPU.Build.0 = Release|Any CPU
	EndGlobalSection
	GlobalSection(SolutionProperties) = preSolution
		HideSolutionNode = FALSE
	EndGlobalSection
	GlobalSection(ExtensibilityGlobals) = postSolution
		SolutionGuid = {E4349E39-7042-4364-B024-04219280F3CA}
	EndGlobalSection
EndGlobal
